
Microsoft Visual Studio Solution File, Format Version 12.00
# Visual Studio 2012
Project("{2150E333-8FDC-42A3-9474-1A3956D46DE8}") = "TODO", "TODO", "{85E11B7C-D7EA-4545-AD44-F1FD2E33AB33}"
	ProjectSection(SolutionItems) = preProject
		TODO.txt = TODO.txt
	EndProjectSection
EndProject
Project("{FAE04EC0-301F-11D3-BF4B-00C04F79EFBC}") = "QlikMove.Kinect", "QlikMovekinect\QlikMove.Kinect.csproj", "{A8FC03E9-5098-4F97-AE4A-2B7584F7ED7C}"
EndProject
Project("{FAE04EC0-301F-11D3-BF4B-00C04F79EFBC}") = "QlikMove.GestureRecognition", "QlikMove.GestureRecognition\QlikMove.GestureRecognition.csproj", "{849E3AB0-DDC1-4F2A-A36F-9EFA525D78F6}"
EndProject
Project("{FAE04EC0-301F-11D3-BF4B-00C04F79EFBC}") = "QlikMove.InputControler", "QlikMove.MouseControler\QlikMove.InputControler.csproj", "{FBC68CF6-244F-41F3-92D3-8CA5F9580AA6}"
EndProject
Project("{FAE04EC0-301F-11D3-BF4B-00C04F79EFBC}") = "QlikMove.Server", "QlikMove.Server\QlikMove.Server.csproj", "{7EF4D315-858D-4912-A670-7DBA3016109F}"
EndProject
Project("{FAE04EC0-301F-11D3-BF4B-00C04F79EFBC}") = "QlikMove.StandardHelper", "StandardHelper\QlikMove.StandardHelper.csproj", "{0BAB6DF7-29DF-4002-BAF4-159B0C9C467D}"
EndProject
Project("{FAE04EC0-301F-11D3-BF4B-00C04F79EFBC}") = "QlikMove.VoiceRecognition", "QlikMove.VoiceRecognition\QlikMove.VoiceRecognition.csproj", "{BE23FCCE-F0AB-4F78-8901-5FE2FC93CD71}"
EndProject
Project("{FAE04EC0-301F-11D3-BF4B-00C04F79EFBC}") = "QlikMove.ActionRecognition", "QlikMove.ActionRecognition\QlikMove.ActionRecognition.csproj", "{BBB3DDA4-D98B-4A67-9626-7265D8F7CF64}"
EndProject
Project("{2150E333-8FDC-42A3-9474-1A3956D46DE8}") = "Client", "Client", "{55FAE41F-FDDB-45F5-A0A9-7ACC6ECD1732}"
EndProject
Project("{2150E333-8FDC-42A3-9474-1A3956D46DE8}") = "scripts", "scripts", "{8F5F60D0-BA8A-48DF-BFDD-17EA480332D2}"
	ProjectSection(SolutionItems) = preProject
		..\..\..\..\..\..\ProgramData\QlikTech\QlikViewServer\Extensions\Document\kinectExtension\QvAjaxInterface.js = ..\..\..\..\..\..\ProgramData\QlikTech\QlikViewServer\Extensions\Document\kinectExtension\QvAjaxInterface.js
		..\..\..\..\..\..\ProgramData\QlikTech\QlikViewServer\Extensions\Document\kinectExtension\Script.js = ..\..\..\..\..\..\ProgramData\QlikTech\QlikViewServer\Extensions\Document\kinectExtension\Script.js
		..\..\..\..\..\..\ProgramData\QlikTech\QlikViewServer\Extensions\Document\kinectExtension\UIManager.js = ..\..\..\..\..\..\ProgramData\QlikTech\QlikViewServer\Extensions\Document\kinectExtension\UIManager.js
		..\..\..\..\..\..\ProgramData\QlikTech\QlikViewServer\Extensions\Document\kinectExtension\actionViewer.js = ..\..\..\..\..\..\ProgramData\QlikTech\QlikViewServer\Extensions\Document\kinectExtension\actionViewer.js
		..\..\..\..\..\..\ProgramData\QlikTech\QlikViewServer\Extensions\Document\kinectExtension\audioViewer.js = ..\..\..\..\..\..\ProgramData\QlikTech\QlikViewServer\Extensions\Document\kinectExtension\audioViewer.js
		..\..\..\..\..\..\ProgramData\QlikTech\QlikViewServer\Extensions\Document\kinectExtension\conf.js = ..\..\..\..\..\..\ProgramData\QlikTech\QlikViewServer\Extensions\Document\kinectExtension\conf.js
		..\..\..\..\..\..\ProgramData\QlikTech\QlikViewServer\Extensions\Document\kinectExtension\cookieManager.js = ..\..\..\..\..\..\ProgramData\QlikTech\QlikViewServer\Extensions\Document\kinectExtension\cookieManager.js
		..\..\..\..\..\..\ProgramData\QlikTech\QlikViewServer\Extensions\Document\kinectExtension\cursor.js = ..\..\..\..\..\..\ProgramData\QlikTech\QlikViewServer\Extensions\Document\kinectExtension\cursor.js
		..\..\..\..\..\..\ProgramData\QlikTech\QlikViewServer\Extensions\Document\kinectExtension\jquery.transform2d.js = ..\..\..\..\..\..\ProgramData\QlikTech\QlikViewServer\Extensions\Document\kinectExtension\jquery.transform2d.js
		..\..\..\..\..\..\ProgramData\QlikTech\QlikViewServer\Extensions\Document\kinectExtension\kinectUI.js = ..\..\..\..\..\..\ProgramData\QlikTech\QlikViewServer\Extensions\Document\kinectExtension\kinectUI.js
		..\..\..\..\..\..\ProgramData\QlikTech\QlikViewServer\Extensions\Document\kinectExtension\messageManager.js = ..\..\..\..\..\..\ProgramData\QlikTech\QlikViewServer\Extensions\Document\kinectExtension\messageManager.js
		..\..\..\..\..\..\ProgramData\QlikTech\QlikViewServer\Extensions\Document\kinectExtension\minStateViewer.js = ..\..\..\..\..\..\ProgramData\QlikTech\QlikViewServer\Extensions\Document\kinectExtension\minStateViewer.js
		..\..\..\..\..\..\ProgramData\QlikTech\QlikViewServer\Extensions\Document\kinectExtension\skeletonViewer.js = ..\..\..\..\..\..\ProgramData\QlikTech\QlikViewServer\Extensions\Document\kinectExtension\skeletonViewer.js
		..\..\..\..\..\..\ProgramData\QlikTech\QlikViewServer\Extensions\Document\kinectExtension\web-socket.js = ..\..\..\..\..\..\ProgramData\QlikTech\QlikViewServer\Extensions\Document\kinectExtension\web-socket.js
	EndProjectSection
EndProject
Project("{2150E333-8FDC-42A3-9474-1A3956D46DE8}") = "css", "css", "{5446FBAA-43ED-4A40-B7AD-16BEFD46F6C7}"
	ProjectSection(SolutionItems) = preProject
		..\..\..\..\..\..\ProgramData\QlikTech\QlikViewServer\Extensions\Document\kinectExtension\action.css = ..\..\..\..\..\..\ProgramData\QlikTech\QlikViewServer\Extensions\Document\kinectExtension\action.css
		..\..\..\..\..\..\ProgramData\QlikTech\QlikViewServer\Extensions\Document\kinectExtension\audio.css = ..\..\..\..\..\..\ProgramData\QlikTech\QlikViewServer\Extensions\Document\kinectExtension\audio.css
		..\..\..\..\..\..\ProgramData\QlikTech\QlikViewServer\Extensions\Document\kinectExtension\kinectUI.css = ..\..\..\..\..\..\ProgramData\QlikTech\QlikViewServer\Extensions\Document\kinectExtension\kinectUI.css
		..\..\..\..\..\..\ProgramData\QlikTech\QlikViewServer\Extensions\Document\kinectExtension\skeleton.css = ..\..\..\..\..\..\ProgramData\QlikTech\QlikViewServer\Extensions\Document\kinectExtension\skeleton.css
		..\..\..\..\..\..\ProgramData\QlikTech\QlikViewServer\Extensions\Document\kinectExtension\statusBar.css = ..\..\..\..\..\..\ProgramData\QlikTech\QlikViewServer\Extensions\Document\kinectExtension\statusBar.css
	EndProjectSection
EndProject
Project("{FAE04EC0-301F-11D3-BF4B-00C04F79EFBC}") = "VisualQlikMove", "VisualQlikMove\VisualQlikMove.csproj", "{B734AA30-F25C-4B7C-9F8E-B2B62FC3E011}"
EndProject
Project("{FAE04EC0-301F-11D3-BF4B-00C04F79EFBC}") = "QlikMove.Manager", "QlikMove.Manager\QlikMove.Manager.csproj", "{086BEB5F-4952-4B22-9CAA-F3B3BA86B283}"
EndProject
Global
	GlobalSection(SolutionConfigurationPlatforms) = preSolution
		CD_ROM|Any CPU = CD_ROM|Any CPU
		CD_ROM|Mixed Platforms = CD_ROM|Mixed Platforms
		CD_ROM|x86 = CD_ROM|x86
		DVD-5|Any CPU = DVD-5|Any CPU
		DVD-5|Mixed Platforms = DVD-5|Mixed Platforms
		DVD-5|x86 = DVD-5|x86
		Debug|Any CPU = Debug|Any CPU
		Debug|Mixed Platforms = Debug|Mixed Platforms
		Debug|x86 = Debug|x86
		Release|Any CPU = Release|Any CPU
		Release|Mixed Platforms = Release|Mixed Platforms
		Release|x86 = Release|x86
		SingleImage|Any CPU = SingleImage|Any CPU
		SingleImage|Mixed Platforms = SingleImage|Mixed Platforms
		SingleImage|x86 = SingleImage|x86
	EndGlobalSection
	GlobalSection(ProjectConfigurationPlatforms) = postSolution
		{086BEB5F-4952-4B22-9CAA-F3B3BA86B283}.CD_ROM|Any CPU.ActiveCfg = Release|Any CPU
		{086BEB5F-4952-4B22-9CAA-F3B3BA86B283}.CD_ROM|Any CPU.Build.0 = Release|Any CPU
		{086BEB5F-4952-4B22-9CAA-F3B3BA86B283}.CD_ROM|Mixed Platforms.ActiveCfg = Release|Any CPU
		{086BEB5F-4952-4B22-9CAA-F3B3BA86B283}.CD_ROM|Mixed Platforms.Build.0 = Release|Any CPU
		{086BEB5F-4952-4B22-9CAA-F3B3BA86B283}.CD_ROM|x86.ActiveCfg = Release|Any CPU
		{086BEB5F-4952-4B22-9CAA-F3B3BA86B283}.DVD-5|Any CPU.ActiveCfg = Debug|Any CPU
		{086BEB5F-4952-4B22-9CAA-F3B3BA86B283}.DVD-5|Any CPU.Build.0 = Debug|Any CPU
		{086BEB5F-4952-4B22-9CAA-F3B3BA86B283}.DVD-5|Mixed Platforms.ActiveCfg = Debug|Any CPU
		{086BEB5F-4952-4B22-9CAA-F3B3BA86B283}.DVD-5|Mixed Platforms.Build.0 = Debug|Any CPU
		{086BEB5F-4952-4B22-9CAA-F3B3BA86B283}.DVD-5|x86.ActiveCfg = Debug|Any CPU
		{086BEB5F-4952-4B22-9CAA-F3B3BA86B283}.Debug|Any CPU.ActiveCfg = Debug|Any CPU
		{086BEB5F-4952-4B22-9CAA-F3B3BA86B283}.Debug|Any CPU.Build.0 = Debug|Any CPU
		{086BEB5F-4952-4B22-9CAA-F3B3BA86B283}.Debug|Mixed Platforms.ActiveCfg = Debug|Any CPU
		{086BEB5F-4952-4B22-9CAA-F3B3BA86B283}.Debug|Mixed Platforms.Build.0 = Debug|Any CPU
		{086BEB5F-4952-4B22-9CAA-F3B3BA86B283}.Debug|x86.ActiveCfg = Debug|Any CPU
		{086BEB5F-4952-4B22-9CAA-F3B3BA86B283}.Release|Any CPU.ActiveCfg = Release|Any CPU
		{086BEB5F-4952-4B22-9CAA-F3B3BA86B283}.Release|Any CPU.Build.0 = Release|Any CPU
		{086BEB5F-4952-4B22-9CAA-F3B3BA86B283}.Release|Mixed Platforms.ActiveCfg = Release|Any CPU
		{086BEB5F-4952-4B22-9CAA-F3B3BA86B283}.Release|Mixed Platforms.Build.0 = Release|Any CPU
		{086BEB5F-4952-4B22-9CAA-F3B3BA86B283}.Release|x86.ActiveCfg = Release|Any CPU
		{086BEB5F-4952-4B22-9CAA-F3B3BA86B283}.SingleImage|Any CPU.ActiveCfg = Release|Any CPU
		{086BEB5F-4952-4B22-9CAA-F3B3BA86B283}.SingleImage|Any CPU.Build.0 = Release|Any CPU
		{086BEB5F-4952-4B22-9CAA-F3B3BA86B283}.SingleImage|Mixed Platforms.ActiveCfg = Release|Any CPU
		{086BEB5F-4952-4B22-9CAA-F3B3BA86B283}.SingleImage|Mixed Platforms.Build.0 = Release|Any CPU
		{086BEB5F-4952-4B22-9CAA-F3B3BA86B283}.SingleImage|x86.ActiveCfg = Release|Any CPU
		{0BAB6DF7-29DF-4002-BAF4-159B0C9C467D}.CD_ROM|Any CPU.ActiveCfg = Release|Any CPU
		{0BAB6DF7-29DF-4002-BAF4-159B0C9C467D}.CD_ROM|Any CPU.Build.0 = Release|Any CPU
		{0BAB6DF7-29DF-4002-BAF4-159B0C9C467D}.CD_ROM|Mixed Platforms.ActiveCfg = Release|Any CPU
		{0BAB6DF7-29DF-4002-BAF4-159B0C9C467D}.CD_ROM|Mixed Platforms.Build.0 = Release|Any CPU
		{0BAB6DF7-29DF-4002-BAF4-159B0C9C467D}.CD_ROM|x86.ActiveCfg = Release|Any CPU
		{0BAB6DF7-29DF-4002-BAF4-159B0C9C467D}.DVD-5|Any CPU.ActiveCfg = Debug|Any CPU
		{0BAB6DF7-29DF-4002-BAF4-159B0C9C467D}.DVD-5|Any CPU.Build.0 = Debug|Any CPU
		{0BAB6DF7-29DF-4002-BAF4-159B0C9C467D}.DVD-5|Mixed Platforms.ActiveCfg = Debug|Any CPU
		{0BAB6DF7-29DF-4002-BAF4-159B0C9C467D}.DVD-5|Mixed Platforms.Build.0 = Debug|Any CPU
		{0BAB6DF7-29DF-4002-BAF4-159B0C9C467D}.DVD-5|x86.ActiveCfg = Debug|Any CPU
		{0BAB6DF7-29DF-4002-BAF4-159B0C9C467D}.Debug|Any CPU.ActiveCfg = Debug|Any CPU
		{0BAB6DF7-29DF-4002-BAF4-159B0C9C467D}.Debug|Any CPU.Build.0 = Debug|Any CPU
		{0BAB6DF7-29DF-4002-BAF4-159B0C9C467D}.Debug|Mixed Platforms.ActiveCfg = Debug|Any CPU
		{0BAB6DF7-29DF-4002-BAF4-159B0C9C467D}.Debug|Mixed Platforms.Build.0 = Debug|Any CPU
		{0BAB6DF7-29DF-4002-BAF4-159B0C9C467D}.Debug|x86.ActiveCfg = Debug|Any CPU
		{0BAB6DF7-29DF-4002-BAF4-159B0C9C467D}.Release|Any CPU.ActiveCfg = Release|Any CPU
		{0BAB6DF7-29DF-4002-BAF4-159B0C9C467D}.Release|Any CPU.Build.0 = Release|Any CPU
		{0BAB6DF7-29DF-4002-BAF4-159B0C9C467D}.Release|Mixed Platforms.ActiveCfg = Release|Any CPU
		{0BAB6DF7-29DF-4002-BAF4-159B0C9C467D}.Release|Mixed Platforms.Build.0 = Release|Any CPU
		{0BAB6DF7-29DF-4002-BAF4-159B0C9C467D}.Release|x86.ActiveCfg = Release|Any CPU
		{0BAB6DF7-29DF-4002-BAF4-159B0C9C467D}.SingleImage|Any CPU.ActiveCfg = Release|Any CPU
		{0BAB6DF7-29DF-4002-BAF4-159B0C9C467D}.SingleImage|Any CPU.Build.0 = Release|Any CPU
		{0BAB6DF7-29DF-4002-BAF4-159B0C9C467D}.SingleImage|Mixed Platforms.ActiveCfg = Release|Any CPU
		{0BAB6DF7-29DF-4002-BAF4-159B0C9C467D}.SingleImage|Mixed Platforms.Build.0 = Release|Any CPU
		{0BAB6DF7-29DF-4002-BAF4-159B0C9C467D}.SingleImage|x86.ActiveCfg = Release|Any CPU
		{7EF4D315-858D-4912-A670-7DBA3016109F}.CD_ROM|Any CPU.ActiveCfg = Release|Any CPU
		{7EF4D315-858D-4912-A670-7DBA3016109F}.CD_ROM|Any CPU.Build.0 = Release|Any CPU
		{7EF4D315-858D-4912-A670-7DBA3016109F}.CD_ROM|Mixed Platforms.ActiveCfg = Release|Any CPU
		{7EF4D315-858D-4912-A670-7DBA3016109F}.CD_ROM|Mixed Platforms.Build.0 = Release|Any CPU
		{7EF4D315-858D-4912-A670-7DBA3016109F}.CD_ROM|x86.ActiveCfg = Release|Any CPU
		{7EF4D315-858D-4912-A670-7DBA3016109F}.DVD-5|Any CPU.ActiveCfg = Debug|Any CPU
		{7EF4D315-858D-4912-A670-7DBA3016109F}.DVD-5|Any CPU.Build.0 = Debug|Any CPU
		{7EF4D315-858D-4912-A670-7DBA3016109F}.DVD-5|Mixed Platforms.ActiveCfg = Debug|Any CPU
		{7EF4D315-858D-4912-A670-7DBA3016109F}.DVD-5|Mixed Platforms.Build.0 = Debug|Any CPU
		{7EF4D315-858D-4912-A670-7DBA3016109F}.DVD-5|x86.ActiveCfg = Debug|Any CPU
		{7EF4D315-858D-4912-A670-7DBA3016109F}.Debug|Any CPU.ActiveCfg = Debug|Any CPU
		{7EF4D315-858D-4912-A670-7DBA3016109F}.Debug|Any CPU.Build.0 = Debug|Any CPU
		{7EF4D315-858D-4912-A670-7DBA3016109F}.Debug|Mixed Platforms.ActiveCfg = Debug|Any CPU
		{7EF4D315-858D-4912-A670-7DBA3016109F}.Debug|Mixed Platforms.Build.0 = Debug|Any CPU
		{7EF4D315-858D-4912-A670-7DBA3016109F}.Debug|x86.ActiveCfg = Debug|Any CPU
		{7EF4D315-858D-4912-A670-7DBA3016109F}.Release|Any CPU.ActiveCfg = Release|Any CPU
		{7EF4D315-858D-4912-A670-7DBA3016109F}.Release|Any CPU.Build.0 = Release|Any CPU
		{7EF4D315-858D-4912-A670-7DBA3016109F}.Release|Mixed Platforms.ActiveCfg = Release|Any CPU
		{7EF4D315-858D-4912-A670-7DBA3016109F}.Release|Mixed Platforms.Build.0 = Release|Any CPU
		{7EF4D315-858D-4912-A670-7DBA3016109F}.Release|x86.ActiveCfg = Release|Any CPU
		{7EF4D315-858D-4912-A670-7DBA3016109F}.SingleImage|Any CPU.ActiveCfg = Release|Any CPU
		{7EF4D315-858D-4912-A670-7DBA3016109F}.SingleImage|Any CPU.Build.0 = Release|Any CPU
		{7EF4D315-858D-4912-A670-7DBA3016109F}.SingleImage|Mixed Platforms.ActiveCfg = Release|Any CPU
		{7EF4D315-858D-4912-A670-7DBA3016109F}.SingleImage|Mixed Platforms.Build.0 = Release|Any CPU
		{7EF4D315-858D-4912-A670-7DBA3016109F}.SingleImage|x86.ActiveCfg = Release|Any CPU
		{849E3AB0-DDC1-4F2A-A36F-9EFA525D78F6}.CD_ROM|Any CPU.ActiveCfg = Release|Any CPU
		{849E3AB0-DDC1-4F2A-A36F-9EFA525D78F6}.CD_ROM|Any CPU.Build.0 = Release|Any CPU
		{849E3AB0-DDC1-4F2A-A36F-9EFA525D78F6}.CD_ROM|Mixed Platforms.ActiveCfg = Release|Any CPU
		{849E3AB0-DDC1-4F2A-A36F-9EFA525D78F6}.CD_ROM|Mixed Platforms.Build.0 = Release|Any CPU
		{849E3AB0-DDC1-4F2A-A36F-9EFA525D78F6}.CD_ROM|x86.ActiveCfg = Release|Any CPU
		{849E3AB0-DDC1-4F2A-A36F-9EFA525D78F6}.DVD-5|Any CPU.ActiveCfg = Debug|Any CPU
		{849E3AB0-DDC1-4F2A-A36F-9EFA525D78F6}.DVD-5|Any CPU.Build.0 = Debug|Any CPU
		{849E3AB0-DDC1-4F2A-A36F-9EFA525D78F6}.DVD-5|Mixed Platforms.ActiveCfg = Debug|Any CPU
		{849E3AB0-DDC1-4F2A-A36F-9EFA525D78F6}.DVD-5|Mixed Platforms.Build.0 = Debug|Any CPU
		{849E3AB0-DDC1-4F2A-A36F-9EFA525D78F6}.DVD-5|x86.ActiveCfg = Debug|Any CPU
		{849E3AB0-DDC1-4F2A-A36F-9EFA525D78F6}.Debug|Any CPU.ActiveCfg = Debug|Any CPU
		{849E3AB0-DDC1-4F2A-A36F-9EFA525D78F6}.Debug|Any CPU.Build.0 = Debug|Any CPU
		{849E3AB0-DDC1-4F2A-A36F-9EFA525D78F6}.Debug|Mixed Platforms.ActiveCfg = Debug|Any CPU
		{849E3AB0-DDC1-4F2A-A36F-9EFA525D78F6}.Debug|Mixed Platforms.Build.0 = Debug|Any CPU
		{849E3AB0-DDC1-4F2A-A36F-9EFA525D78F6}.Debug|x86.ActiveCfg = Debug|Any CPU
		{849E3AB0-DDC1-4F2A-A36F-9EFA525D78F6}.Release|Any CPU.ActiveCfg = Release|Any CPU
		{849E3AB0-DDC1-4F2A-A36F-9EFA525D78F6}.Release|Any CPU.Build.0 = Release|Any CPU
		{849E3AB0-DDC1-4F2A-A36F-9EFA525D78F6}.Release|Mixed Platforms.ActiveCfg = Release|Any CPU
		{849E3AB0-DDC1-4F2A-A36F-9EFA525D78F6}.Release|Mixed Platforms.Build.0 = Release|Any CPU
		{849E3AB0-DDC1-4F2A-A36F-9EFA525D78F6}.Release|x86.ActiveCfg = Release|Any CPU
		{849E3AB0-DDC1-4F2A-A36F-9EFA525D78F6}.SingleImage|Any CPU.ActiveCfg = Release|Any CPU
		{849E3AB0-DDC1-4F2A-A36F-9EFA525D78F6}.SingleImage|Any CPU.Build.0 = Release|Any CPU
		{849E3AB0-DDC1-4F2A-A36F-9EFA525D78F6}.SingleImage|Mixed Platforms.ActiveCfg = Release|Any CPU
		{849E3AB0-DDC1-4F2A-A36F-9EFA525D78F6}.SingleImage|Mixed Platforms.Build.0 = Release|Any CPU
		{849E3AB0-DDC1-4F2A-A36F-9EFA525D78F6}.SingleImage|x86.ActiveCfg = Release|Any CPU
		{A8FC03E9-5098-4F97-AE4A-2B7584F7ED7C}.CD_ROM|Any CPU.ActiveCfg = Release|Any CPU
		{A8FC03E9-5098-4F97-AE4A-2B7584F7ED7C}.CD_ROM|Any CPU.Build.0 = Release|Any CPU
		{A8FC03E9-5098-4F97-AE4A-2B7584F7ED7C}.CD_ROM|Mixed Platforms.ActiveCfg = Release|Any CPU
		{A8FC03E9-5098-4F97-AE4A-2B7584F7ED7C}.CD_ROM|Mixed Platforms.Build.0 = Release|Any CPU
		{A8FC03E9-5098-4F97-AE4A-2B7584F7ED7C}.CD_ROM|x86.ActiveCfg = Release|Any CPU
		{A8FC03E9-5098-4F97-AE4A-2B7584F7ED7C}.DVD-5|Any CPU.ActiveCfg = Debug|Any CPU
		{A8FC03E9-5098-4F97-AE4A-2B7584F7ED7C}.DVD-5|Any CPU.Build.0 = Debug|Any CPU
		{A8FC03E9-5098-4F97-AE4A-2B7584F7ED7C}.DVD-5|Mixed Platforms.ActiveCfg = Debug|Any CPU
		{A8FC03E9-5098-4F97-AE4A-2B7584F7ED7C}.DVD-5|Mixed Platforms.Build.0 = Debug|Any CPU
		{A8FC03E9-5098-4F97-AE4A-2B7584F7ED7C}.DVD-5|x86.ActiveCfg = Debug|Any CPU
		{A8FC03E9-5098-4F97-AE4A-2B7584F7ED7C}.Debug|Any CPU.ActiveCfg = Debug|Any CPU
		{A8FC03E9-5098-4F97-AE4A-2B7584F7ED7C}.Debug|Any CPU.Build.0 = Debug|Any CPU
		{A8FC03E9-5098-4F97-AE4A-2B7584F7ED7C}.Debug|Mixed Platforms.ActiveCfg = Debug|Any CPU
		{A8FC03E9-5098-4F97-AE4A-2B7584F7ED7C}.Debug|Mixed Platforms.Build.0 = Debug|Any CPU
		{A8FC03E9-5098-4F97-AE4A-2B7584F7ED7C}.Debug|x86.ActiveCfg = Debug|Any CPU
		{A8FC03E9-5098-4F97-AE4A-2B7584F7ED7C}.Release|Any CPU.ActiveCfg = Release|Any CPU
		{A8FC03E9-5098-4F97-AE4A-2B7584F7ED7C}.Release|Any CPU.Build.0 = Release|Any CPU
		{A8FC03E9-5098-4F97-AE4A-2B7584F7ED7C}.Release|Mixed Platforms.ActiveCfg = Release|Any CPU
		{A8FC03E9-5098-4F97-AE4A-2B7584F7ED7C}.Release|Mixed Platforms.Build.0 = Release|Any CPU
		{A8FC03E9-5098-4F97-AE4A-2B7584F7ED7C}.Release|x86.ActiveCfg = Release|Any CPU
		{A8FC03E9-5098-4F97-AE4A-2B7584F7ED7C}.SingleImage|Any CPU.ActiveCfg = Release|Any CPU
		{A8FC03E9-5098-4F97-AE4A-2B7584F7ED7C}.SingleImage|Any CPU.Build.0 = Release|Any CPU
		{A8FC03E9-5098-4F97-AE4A-2B7584F7ED7C}.SingleImage|Mixed Platforms.ActiveCfg = Release|Any CPU
		{A8FC03E9-5098-4F97-AE4A-2B7584F7ED7C}.SingleImage|Mixed Platforms.Build.0 = Release|Any CPU
		{A8FC03E9-5098-4F97-AE4A-2B7584F7ED7C}.SingleImage|x86.ActiveCfg = Release|Any CPU
		{B734AA30-F25C-4B7C-9F8E-B2B62FC3E011}.CD_ROM|Any CPU.ActiveCfg = Release|Any CPU
		{B734AA30-F25C-4B7C-9F8E-B2B62FC3E011}.CD_ROM|Any CPU.Build.0 = Release|Any CPU
		{B734AA30-F25C-4B7C-9F8E-B2B62FC3E011}.CD_ROM|Mixed Platforms.ActiveCfg = Release|Any CPU
		{B734AA30-F25C-4B7C-9F8E-B2B62FC3E011}.CD_ROM|Mixed Platforms.Build.0 = Release|Any CPU
		{B734AA30-F25C-4B7C-9F8E-B2B62FC3E011}.CD_ROM|x86.ActiveCfg = Release|Any CPU
		{B734AA30-F25C-4B7C-9F8E-B2B62FC3E011}.DVD-5|Any CPU.ActiveCfg = Debug|Any CPU
		{B734AA30-F25C-4B7C-9F8E-B2B62FC3E011}.DVD-5|Any CPU.Build.0 = Debug|Any CPU
		{B734AA30-F25C-4B7C-9F8E-B2B62FC3E011}.DVD-5|Mixed Platforms.ActiveCfg = Debug|Any CPU
		{B734AA30-F25C-4B7C-9F8E-B2B62FC3E011}.DVD-5|Mixed Platforms.Build.0 = Debug|Any CPU
		{B734AA30-F25C-4B7C-9F8E-B2B62FC3E011}.DVD-5|x86.ActiveCfg = Debug|Any CPU
		{B734AA30-F25C-4B7C-9F8E-B2B62FC3E011}.Debug|Any CPU.ActiveCfg = Debug|Any CPU
		{B734AA30-F25C-4B7C-9F8E-B2B62FC3E011}.Debug|Any CPU.Build.0 = Debug|Any CPU
		{B734AA30-F25C-4B7C-9F8E-B2B62FC3E011}.Debug|Mixed Platforms.ActiveCfg = Debug|Any CPU
		{B734AA30-F25C-4B7C-9F8E-B2B62FC3E011}.Debug|Mixed Platforms.Build.0 = Debug|Any CPU
		{B734AA30-F25C-4B7C-9F8E-B2B62FC3E011}.Debug|x86.ActiveCfg = Debug|Any CPU
		{B734AA30-F25C-4B7C-9F8E-B2B62FC3E011}.Release|Any CPU.ActiveCfg = Release|Any CPU
		{B734AA30-F25C-4B7C-9F8E-B2B62FC3E011}.Release|Any CPU.Build.0 = Release|Any CPU
		{B734AA30-F25C-4B7C-9F8E-B2B62FC3E011}.Release|Mixed Platforms.ActiveCfg = Release|Any CPU
		{B734AA30-F25C-4B7C-9F8E-B2B62FC3E011}.Release|Mixed Platforms.Build.0 = Release|Any CPU
		{B734AA30-F25C-4B7C-9F8E-B2B62FC3E011}.Release|x86.ActiveCfg = Release|Any CPU
		{B734AA30-F25C-4B7C-9F8E-B2B62FC3E011}.SingleImage|Any CPU.ActiveCfg = Release|Any CPU
		{B734AA30-F25C-4B7C-9F8E-B2B62FC3E011}.SingleImage|Any CPU.Build.0 = Release|Any CPU
		{B734AA30-F25C-4B7C-9F8E-B2B62FC3E011}.SingleImage|Mixed Platforms.ActiveCfg = Release|Any CPU
		{B734AA30-F25C-4B7C-9F8E-B2B62FC3E011}.SingleImage|Mixed Platforms.Build.0 = Release|Any CPU
		{B734AA30-F25C-4B7C-9F8E-B2B62FC3E011}.SingleImage|x86.ActiveCfg = Release|Any CPU
		{BBB3DDA4-D98B-4A67-9626-7265D8F7CF64}.CD_ROM|Any CPU.ActiveCfg = Release|Any CPU
		{BBB3DDA4-D98B-4A67-9626-7265D8F7CF64}.CD_ROM|Any CPU.Build.0 = Release|Any CPU
		{BBB3DDA4-D98B-4A67-9626-7265D8F7CF64}.CD_ROM|Mixed Platforms.ActiveCfg = Release|Any CPU
		{BBB3DDA4-D98B-4A67-9626-7265D8F7CF64}.CD_ROM|Mixed Platforms.Build.0 = Release|Any CPU
		{BBB3DDA4-D98B-4A67-9626-7265D8F7CF64}.CD_ROM|x86.ActiveCfg = Release|Any CPU
		{BBB3DDA4-D98B-4A67-9626-7265D8F7CF64}.DVD-5|Any CPU.ActiveCfg = Debug|Any CPU
		{BBB3DDA4-D98B-4A67-9626-7265D8F7CF64}.DVD-5|Any CPU.Build.0 = Debug|Any CPU
		{BBB3DDA4-D98B-4A67-9626-7265D8F7CF64}.DVD-5|Mixed Platforms.ActiveCfg = Debug|Any CPU
		{BBB3DDA4-D98B-4A67-9626-7265D8F7CF64}.DVD-5|Mixed Platforms.Build.0 = Debug|Any CPU
		{BBB3DDA4-D98B-4A67-9626-7265D8F7CF64}.DVD-5|x86.ActiveCfg = Debug|Any CPU
		{BBB3DDA4-D98B-4A67-9626-7265D8F7CF64}.Debug|Any CPU.ActiveCfg = Debug|Any CPU
		{BBB3DDA4-D98B-4A67-9626-7265D8F7CF64}.Debug|Any CPU.Build.0 = Debug|Any CPU
		{BBB3DDA4-D98B-4A67-9626-7265D8F7CF64}.Debug|Mixed Platforms.ActiveCfg = Debug|Any CPU
		{BBB3DDA4-D98B-4A67-9626-7265D8F7CF64}.Debug|Mixed Platforms.Build.0 = Debug|Any CPU
		{BBB3DDA4-D98B-4A67-9626-7265D8F7CF64}.Debug|x86.ActiveCfg = Debug|Any CPU
		{BBB3DDA4-D98B-4A67-9626-7265D8F7CF64}.Release|Any CPU.ActiveCfg = Release|Any CPU
		{BBB3DDA4-D98B-4A67-9626-7265D8F7CF64}.Release|Any CPU.Build.0 = Release|Any CPU
		{BBB3DDA4-D98B-4A67-9626-7265D8F7CF64}.Release|Mixed Platforms.ActiveCfg = Release|Any CPU
		{BBB3DDA4-D98B-4A67-9626-7265D8F7CF64}.Release|Mixed Platforms.Build.0 = Release|Any CPU
		{BBB3DDA4-D98B-4A67-9626-7265D8F7CF64}.Release|x86.ActiveCfg = Release|Any CPU
		{BBB3DDA4-D98B-4A67-9626-7265D8F7CF64}.SingleImage|Any CPU.ActiveCfg = Release|Any CPU
		{BBB3DDA4-D98B-4A67-9626-7265D8F7CF64}.SingleImage|Any CPU.Build.0 = Release|Any CPU
		{BBB3DDA4-D98B-4A67-9626-7265D8F7CF64}.SingleImage|Mixed Platforms.ActiveCfg = Release|Any CPU
		{BBB3DDA4-D98B-4A67-9626-7265D8F7CF64}.SingleImage|Mixed Platforms.Build.0 = Release|Any CPU
		{BBB3DDA4-D98B-4A67-9626-7265D8F7CF64}.SingleImage|x86.ActiveCfg = Release|Any CPU
		{BE23FCCE-F0AB-4F78-8901-5FE2FC93CD71}.CD_ROM|Any CPU.ActiveCfg = Release|Any CPU
		{BE23FCCE-F0AB-4F78-8901-5FE2FC93CD71}.CD_ROM|Any CPU.Build.0 = Release|Any CPU
		{BE23FCCE-F0AB-4F78-8901-5FE2FC93CD71}.CD_ROM|Mixed Platforms.ActiveCfg = Release|Any CPU
		{BE23FCCE-F0AB-4F78-8901-5FE2FC93CD71}.CD_ROM|Mixed Platforms.Build.0 = Release|Any CPU
		{BE23FCCE-F0AB-4F78-8901-5FE2FC93CD71}.CD_ROM|x86.ActiveCfg = Release|Any CPU
		{BE23FCCE-F0AB-4F78-8901-5FE2FC93CD71}.DVD-5|Any CPU.ActiveCfg = Debug|Any CPU
		{BE23FCCE-F0AB-4F78-8901-5FE2FC93CD71}.DVD-5|Any CPU.Build.0 = Debug|Any CPU
		{BE23FCCE-F0AB-4F78-8901-5FE2FC93CD71}.DVD-5|Mixed Platforms.ActiveCfg = Debug|Any CPU
		{BE23FCCE-F0AB-4F78-8901-5FE2FC93CD71}.DVD-5|Mixed Platforms.Build.0 = Debug|Any CPU
		{BE23FCCE-F0AB-4F78-8901-5FE2FC93CD71}.DVD-5|x86.ActiveCfg = Debug|Any CPU
		{BE23FCCE-F0AB-4F78-8901-5FE2FC93CD71}.Debug|Any CPU.ActiveCfg = Debug|Any CPU
		{BE23FCCE-F0AB-4F78-8901-5FE2FC93CD71}.Debug|Any CPU.Build.0 = Debug|Any CPU
		{BE23FCCE-F0AB-4F78-8901-5FE2FC93CD71}.Debug|Mixed Platforms.ActiveCfg = Debug|Any CPU
		{BE23FCCE-F0AB-4F78-8901-5FE2FC93CD71}.Debug|Mixed Platforms.Build.0 = Debug|Any CPU
		{BE23FCCE-F0AB-4F78-8901-5FE2FC93CD71}.Debug|x86.ActiveCfg = Debug|Any CPU
		{BE23FCCE-F0AB-4F78-8901-5FE2FC93CD71}.Release|Any CPU.ActiveCfg = Release|Any CPU
		{BE23FCCE-F0AB-4F78-8901-5FE2FC93CD71}.Release|Any CPU.Build.0 = Release|Any CPU
		{BE23FCCE-F0AB-4F78-8901-5FE2FC93CD71}.Release|Mixed Platforms.ActiveCfg = Release|Any CPU
		{BE23FCCE-F0AB-4F78-8901-5FE2FC93CD71}.Release|Mixed Platforms.Build.0 = Release|Any CPU
		{BE23FCCE-F0AB-4F78-8901-5FE2FC93CD71}.Release|x86.ActiveCfg = Release|Any CPU
		{BE23FCCE-F0AB-4F78-8901-5FE2FC93CD71}.SingleImage|Any CPU.ActiveCfg = Release|Any CPU
		{BE23FCCE-F0AB-4F78-8901-5FE2FC93CD71}.SingleImage|Any CPU.Build.0 = Release|Any CPU
		{BE23FCCE-F0AB-4F78-8901-5FE2FC93CD71}.SingleImage|Mixed Platforms.ActiveCfg = Release|Any CPU
		{BE23FCCE-F0AB-4F78-8901-5FE2FC93CD71}.SingleImage|Mixed Platforms.Build.0 = Release|Any CPU
		{BE23FCCE-F0AB-4F78-8901-5FE2FC93CD71}.SingleImage|x86.ActiveCfg = Release|Any CPU
		{FBC68CF6-244F-41F3-92D3-8CA5F9580AA6}.CD_ROM|Any CPU.ActiveCfg = Release|Any CPU
		{FBC68CF6-244F-41F3-92D3-8CA5F9580AA6}.CD_ROM|Any CPU.Build.0 = Release|Any CPU
		{FBC68CF6-244F-41F3-92D3-8CA5F9580AA6}.CD_ROM|Mixed Platforms.ActiveCfg = Release|Any CPU
		{FBC68CF6-244F-41F3-92D3-8CA5F9580AA6}.CD_ROM|Mixed Platforms.Build.0 = Release|Any CPU
		{FBC68CF6-244F-41F3-92D3-8CA5F9580AA6}.CD_ROM|x86.ActiveCfg = Release|Any CPU
		{FBC68CF6-244F-41F3-92D3-8CA5F9580AA6}.DVD-5|Any CPU.ActiveCfg = Debug|Any CPU
		{FBC68CF6-244F-41F3-92D3-8CA5F9580AA6}.DVD-5|Any CPU.Build.0 = Debug|Any CPU
		{FBC68CF6-244F-41F3-92D3-8CA5F9580AA6}.DVD-5|Mixed Platforms.ActiveCfg = Debug|Any CPU
		{FBC68CF6-244F-41F3-92D3-8CA5F9580AA6}.DVD-5|Mixed Platforms.Build.0 = Debug|Any CPU
		{FBC68CF6-244F-41F3-92D3-8CA5F9580AA6}.DVD-5|x86.ActiveCfg = Debug|Any CPU
		{FBC68CF6-244F-41F3-92D3-8CA5F9580AA6}.Debug|Any CPU.ActiveCfg = Debug|Any CPU
		{FBC68CF6-244F-41F3-92D3-8CA5F9580AA6}.Debug|Any CPU.Build.0 = Debug|Any CPU
		{FBC68CF6-244F-41F3-92D3-8CA5F9580AA6}.Debug|Mixed Platforms.ActiveCfg = Debug|Any CPU
		{FBC68CF6-244F-41F3-92D3-8CA5F9580AA6}.Debug|Mixed Platforms.Build.0 = Debug|Any CPU
		{FBC68CF6-244F-41F3-92D3-8CA5F9580AA6}.Debug|x86.ActiveCfg = Debug|Any CPU
		{FBC68CF6-244F-41F3-92D3-8CA5F9580AA6}.Release|Any CPU.ActiveCfg = Release|Any CPU
		{FBC68CF6-244F-41F3-92D3-8CA5F9580AA6}.Release|Any CPU.Build.0 = Release|Any CPU
		{FBC68CF6-244F-41F3-92D3-8CA5F9580AA6}.Release|Mixed Platforms.ActiveCfg = Release|Any CPU
		{FBC68CF6-244F-41F3-92D3-8CA5F9580AA6}.Release|Mixed Platforms.Build.0 = Release|Any CPU
		{FBC68CF6-244F-41F3-92D3-8CA5F9580AA6}.Release|x86.ActiveCfg = Release|Any CPU
		{FBC68CF6-244F-41F3-92D3-8CA5F9580AA6}.SingleImage|Any CPU.ActiveCfg = Release|Any CPU
		{FBC68CF6-244F-41F3-92D3-8CA5F9580AA6}.SingleImage|Any CPU.Build.0 = Release|Any CPU
		{FBC68CF6-244F-41F3-92D3-8CA5F9580AA6}.SingleImage|Mixed Platforms.ActiveCfg = Release|Any CPU
		{FBC68CF6-244F-41F3-92D3-8CA5F9580AA6}.SingleImage|Mixed Platforms.Build.0 = Release|Any CPU
		{FBC68CF6-244F-41F3-92D3-8CA5F9580AA6}.SingleImage|x86.ActiveCfg = Release|Any CPU
	EndGlobalSection
	GlobalSection(SolutionProperties) = preSolution
		HideSolutionNode = FALSE
	EndGlobalSection
	GlobalSection(NestedProjects) = preSolution
		{5446FBAA-43ED-4A40-B7AD-16BEFD46F6C7} = {55FAE41F-FDDB-45F5-A0A9-7ACC6ECD1732}
		{8F5F60D0-BA8A-48DF-BFDD-17EA480332D2} = {55FAE41F-FDDB-45F5-A0A9-7ACC6ECD1732}
	EndGlobalSection
EndGlobal
